
Microsoft Visual Studio Solution File, Format Version 12.00
# Visual Studio Version 17
VisualStudioVersion = 17.2.32519.379
MinimumVisualStudioVersion = 10.0.40219.1
Project("{FAE04EC0-301F-11D3-BF4B-00C04F79EFBC}") = "SanteGuard.Messaging.Syslog", "SanteGuard.Core\SanteGuard.Messaging.Syslog.csproj", "{AD258DF6-81C3-4C02-826A-2D72C0D61F5E}"
EndProject
Project("{2150E333-8FDC-42A3-9474-1A3956D46DE8}") = "Solution Items", "Solution Items", "{63184C4E-BB67-41B8-AFAE-97E2C141E468}"
	ProjectSection(SolutionItems) = preProject
		Directory.Build.props = Directory.Build.props
	EndProjectSection
EndProject
Global
	GlobalSection(SolutionConfigurationPlatforms) = preSolution
		Debug|Any CPU = Debug|Any CPU
		Release|Any CPU = Release|Any CPU
	EndGlobalSection
	GlobalSection(ProjectConfigurationPlatforms) = postSolution
		{AD258DF6-81C3-4C02-826A-2D72C0D61F5E}.Debug|Any CPU.ActiveCfg = Debug|Any CPU
		{AD258DF6-81C3-4C02-826A-2D72C0D61F5E}.Debug|Any CPU.Build.0 = Debug|Any CPU
		{AD258DF6-81C3-4C02-826A-2D72C0D61F5E}.Release|Any CPU.ActiveCfg = Release|Any CPU
		{AD258DF6-81C3-4C02-826A-2D72C0D61F5E}.Release|Any CPU.Build.0 = Release|Any CPU
	EndGlobalSection
	GlobalSection(SolutionProperties) = preSolution
		HideSolutionNode = FALSE
	EndGlobalSection
	GlobalSection(ExtensibilityGlobals) = postSolution
		SolutionGuid = {1BF698C9-EB0B-4CF0-96EC-80EF1605966D}
	EndGlobalSection
EndGlobal
